
Microsoft Visual Studio Solution File, Format Version 12.00
# Visual Studio Version 17
VisualStudioVersion = 17.11.35219.272
MinimumVisualStudioVersion = 10.0.40219.1
Project("{FAE04EC0-301F-11D3-BF4B-00C04F79EFBC}") = "web1", "web1\web1.csproj", "{F1A414B2-10D9-4880-9CC5-D2D79BDBBAAF}"
EndProject
Global
	GlobalSection(SolutionConfigurationPlatforms) = preSolution
		Debug|Any CPU = Debug|Any CPU
		Release|Any CPU = Release|Any CPU
	EndGlobalSection
	GlobalSection(ProjectConfigurationPlatforms) = postSolution
		{F1A414B2-10D9-4880-9CC5-D2D79BDBBAAF}.Debug|Any CPU.ActiveCfg = Debug|Any CPU
		{F1A414B2-10D9-4880-9CC5-D2D79BDBBAAF}.Debug|Any CPU.Build.0 = Debug|Any CPU
		{F1A414B2-10D9-4880-9CC5-D2D79BDBBAAF}.Release|Any CPU.ActiveCfg = Release|Any CPU
		{F1A414B2-10D9-4880-9CC5-D2D79BDBBAAF}.Release|Any CPU.Build.0 = Release|Any CPU
	EndGlobalSection
	GlobalSection(SolutionProperties) = preSolution
		HideSolutionNode = FALSE
	EndGlobalSection
	GlobalSection(ExtensibilityGlobals) = postSolution
		SolutionGuid = {09D4FBEE-713B-47C0-B81B-651589F784F6}
	EndGlobalSection
EndGlobal
